
Microsoft Visual Studio Solution File, Format Version 12.00
# Visual Studio Version 17
VisualStudioVersion = 17.7.34202.233
MinimumVisualStudioVersion = 10.0.40219.1
Project("{FAE04EC0-301F-11D3-BF4B-00C04F79EFBC}") = "Huh", "Huh\Huh.csproj", "{45D275E7-02EF-4836-9409-B74F1D67DA70}"
EndProject
Global
	GlobalSection(SolutionConfigurationPlatforms) = preSolution
		Debug|Any CPU = Debug|Any CPU
		Release|Any CPU = Release|Any CPU
	EndGlobalSection
	GlobalSection(ProjectConfigurationPlatforms) = postSolution
		{45D275E7-02EF-4836-9409-B74F1D67DA70}.Debug|Any CPU.ActiveCfg = Debug|Any CPU
		{45D275E7-02EF-4836-9409-B74F1D67DA70}.Debug|Any CPU.Build.0 = Debug|Any CPU
		{45D275E7-02EF-4836-9409-B74F1D67DA70}.Release|Any CPU.ActiveCfg = Release|Any CPU
		{45D275E7-02EF-4836-9409-B74F1D67DA70}.Release|Any CPU.Build.0 = Release|Any CPU
	EndGlobalSection
	GlobalSection(SolutionProperties) = preSolution
		HideSolutionNode = FALSE
	EndGlobalSection
	GlobalSection(ExtensibilityGlobals) = postSolution
		SolutionGuid = {F5B5B06C-7D28-4F2A-99A0-C24FC181AA23}
	EndGlobalSection
EndGlobal
